// !$*UTF8*$!
{
	archiveVersion = 1;
	classes = {
	};
	objectVersion = 50;
	objects = {

/* Begin PBXBuildFile section */
		7431F0CD2380B04200D1E2A8 /* AppDelegate.swift in Sources */ = {isa = PBXBuildFile; fileRef = 7431F0CC2380B04200D1E2A8 /* AppDelegate.swift */; };
		7431F0CF2380B04200D1E2A8 /* SceneDelegate.swift in Sources */ = {isa = PBXBuildFile; fileRef = 7431F0CE2380B04200D1E2A8 /* SceneDelegate.swift */; };
		7431F0D12380B04200D1E2A8 /* ViewController.swift in Sources */ = {isa = PBXBuildFile; fileRef = 7431F0D02380B04200D1E2A8 /* ViewController.swift */; };
		7431F0D42380B04200D1E2A8 /* Main.storyboard in Resources */ = {isa = PBXBuildFile; fileRef = 7431F0D22380B04200D1E2A8 /* Main.storyboard */; };
		7431F0D62380B04200D1E2A8 /* Assets.xcassets in Resources */ = {isa = PBXBuildFile; fileRef = 7431F0D52380B04200D1E2A8 /* Assets.xcassets */; };
		7431F0D92380B04200D1E2A8 /* LaunchScreen.storyboard in Resources */ = {isa = PBXBuildFile; fileRef = 7431F0D72380B04200D1E2A8 /* LaunchScreen.storyboard */; };
		7431F0E42380B04200D1E2A8 /* CopyTextOnScreenTests.swift in Sources */ = {isa = PBXBuildFile; fileRef = 7431F0E32380B04200D1E2A8 /* CopyTextOnScreenTests.swift */; };
		7431F0EF2380B04300D1E2A8 /* CopyTextOnScreenUITests.swift in Sources */ = {isa = PBXBuildFile; fileRef = 7431F0EE2380B04300D1E2A8 /* CopyTextOnScreenUITests.swift */; };
		7431F0FF2381F8D300D1E2A8 /* CTOSTextRecognition.swift in Sources */ = {isa = PBXBuildFile; fileRef = 7431F0FE2381F8D300D1E2A8 /* CTOSTextRecognition.swift */; };
		7431F1032381FF3500D1E2A8 /* CTOSImageRecognateHelper.swift in Sources */ = {isa = PBXBuildFile; fileRef = 7431F1022381FF3500D1E2A8 /* CTOSImageRecognateHelper.swift */; };
		7431F1052381FF7400D1E2A8 /* CTOSImageRecognateHelperTests.swift in Sources */ = {isa = PBXBuildFile; fileRef = 7431F1042381FF7400D1E2A8 /* CTOSImageRecognateHelperTests.swift */; };
/* End PBXBuildFile section */

/* Begin PBXContainerItemProxy section */
		7431F0E02380B04200D1E2A8 /* PBXContainerItemProxy */ = {
			isa = PBXContainerItemProxy;
			containerPortal = 7431F0C12380B04200D1E2A8 /* Project object */;
			proxyType = 1;
			remoteGlobalIDString = 7431F0C82380B04200D1E2A8;
			remoteInfo = CopyTextOnScreen;
		};
		7431F0EB2380B04200D1E2A8 /* PBXContainerItemProxy */ = {
			isa = PBXContainerItemProxy;
			containerPortal = 7431F0C12380B04200D1E2A8 /* Project object */;
			proxyType = 1;
			remoteGlobalIDString = 7431F0C82380B04200D1E2A8;
			remoteInfo = CopyTextOnScreen;
		};
/* End PBXContainerItemProxy section */

/* Begin PBXFileReference section */
		7431F0C92380B04200D1E2A8 /* CopyTextOnScreen.app */ = {isa = PBXFileReference; explicitFileType = wrapper.application; includeInIndex = 0; path = CopyTextOnScreen.app; sourceTree = BUILT_PRODUCTS_DIR; };
		7431F0CC2380B04200D1E2A8 /* AppDelegate.swift */ = {isa = PBXFileReference; lastKnownFileType = sourcecode.swift; path = AppDelegate.swift; sourceTree = "<group>"; };
		7431F0CE2380B04200D1E2A8 /* SceneDelegate.swift */ = {isa = PBXFileReference; lastKnownFileType = sourcecode.swift; path = SceneDelegate.swift; sourceTree = "<group>"; };
		7431F0D02380B04200D1E2A8 /* ViewController.swift */ = {isa = PBXFileReference; lastKnownFileType = sourcecode.swift; path = ViewController.swift; sourceTree = "<group>"; };
		7431F0D32380B04200D1E2A8 /* Base */ = {isa = PBXFileReference; lastKnownFileType = file.storyboard; name = Base; path = Base.lproj/Main.storyboard; sourceTree = "<group>"; };
		7431F0D52380B04200D1E2A8 /* Assets.xcassets */ = {isa = PBXFileReference; lastKnownFileType = folder.assetcatalog; path = Assets.xcassets; sourceTree = "<group>"; };
		7431F0D82380B04200D1E2A8 /* Base */ = {isa = PBXFileReference; lastKnownFileType = file.storyboard; name = Base; path = Base.lproj/LaunchScreen.storyboard; sourceTree = "<group>"; };
		7431F0DA2380B04200D1E2A8 /* Info.plist */ = {isa = PBXFileReference; lastKnownFileType = text.plist.xml; path = Info.plist; sourceTree = "<group>"; };
		7431F0DF2380B04200D1E2A8 /* CopyTextOnScreenTests.xctest */ = {isa = PBXFileReference; explicitFileType = wrapper.cfbundle; includeInIndex = 0; path = CopyTextOnScreenTests.xctest; sourceTree = BUILT_PRODUCTS_DIR; };
		7431F0E32380B04200D1E2A8 /* CopyTextOnScreenTests.swift */ = {isa = PBXFileReference; lastKnownFileType = sourcecode.swift; path = CopyTextOnScreenTests.swift; sourceTree = "<group>"; };
		7431F0E52380B04200D1E2A8 /* Info.plist */ = {isa = PBXFileReference; lastKnownFileType = text.plist.xml; path = Info.plist; sourceTree = "<group>"; };
		7431F0EA2380B04200D1E2A8 /* CopyTextOnScreenUITests.xctest */ = {isa = PBXFileReference; explicitFileType = wrapper.cfbundle; includeInIndex = 0; path = CopyTextOnScreenUITests.xctest; sourceTree = BUILT_PRODUCTS_DIR; };
		7431F0EE2380B04300D1E2A8 /* CopyTextOnScreenUITests.swift */ = {isa = PBXFileReference; lastKnownFileType = sourcecode.swift; path = CopyTextOnScreenUITests.swift; sourceTree = "<group>"; };
		7431F0F02380B04300D1E2A8 /* Info.plist */ = {isa = PBXFileReference; lastKnownFileType = text.plist.xml; path = Info.plist; sourceTree = "<group>"; };
		7431F0FE2381F8D300D1E2A8 /* CTOSTextRecognition.swift */ = {isa = PBXFileReference; lastKnownFileType = sourcecode.swift; path = CTOSTextRecognition.swift; sourceTree = "<group>"; };
		7431F1022381FF3500D1E2A8 /* CTOSImageRecognateHelper.swift */ = {isa = PBXFileReference; lastKnownFileType = sourcecode.swift; path = CTOSImageRecognateHelper.swift; sourceTree = "<group>"; };
		7431F1042381FF7400D1E2A8 /* CTOSImageRecognateHelperTests.swift */ = {isa = PBXFileReference; lastKnownFileType = sourcecode.swift; path = CTOSImageRecognateHelperTests.swift; sourceTree = "<group>"; };
/* End PBXFileReference section */

/* Begin PBXFrameworksBuildPhase section */
		7431F0C62380B04200D1E2A8 /* Frameworks */ = {
			isa = PBXFrameworksBuildPhase;
			buildActionMask = 2147483647;
			files = (
			);
			runOnlyForDeploymentPostprocessing = 0;
		};
		7431F0DC2380B04200D1E2A8 /* Frameworks */ = {
			isa = PBXFrameworksBuildPhase;
			buildActionMask = 2147483647;
			files = (
			);
			runOnlyForDeploymentPostprocessing = 0;
		};
		7431F0E72380B04200D1E2A8 /* Frameworks */ = {
			isa = PBXFrameworksBuildPhase;
			buildActionMask = 2147483647;
			files = (
			);
			runOnlyForDeploymentPostprocessing = 0;
		};
/* End PBXFrameworksBuildPhase section */

/* Begin PBXGroup section */
		7431F0C02380B04200D1E2A8 = {
			isa = PBXGroup;
			children = (
				7431F0CB2380B04200D1E2A8 /* CopyTextOnScreen */,
				7431F0E22380B04200D1E2A8 /* CopyTextOnScreenTests */,
				7431F0ED2380B04200D1E2A8 /* CopyTextOnScreenUITests */,
				7431F0CA2380B04200D1E2A8 /* Products */,
			);
			sourceTree = "<group>";
		};
		7431F0CA2380B04200D1E2A8 /* Products */ = {
			isa = PBXGroup;
			children = (
				7431F0C92380B04200D1E2A8 /* CopyTextOnScreen.app */,
				7431F0DF2380B04200D1E2A8 /* CopyTextOnScreenTests.xctest */,
				7431F0EA2380B04200D1E2A8 /* CopyTextOnScreenUITests.xctest */,
			);
			name = Products;
			sourceTree = "<group>";
		};
		7431F0CB2380B04200D1E2A8 /* CopyTextOnScreen */ = {
			isa = PBXGroup;
			children = (
				7431F1002381FEA800D1E2A8 /* Business */,
				7431F0FD2381F76000D1E2A8 /* Protocols */,
				7431F0CC2380B04200D1E2A8 /* AppDelegate.swift */,
				7431F0CE2380B04200D1E2A8 /* SceneDelegate.swift */,
				7431F0D02380B04200D1E2A8 /* ViewController.swift */,
				7431F0D22380B04200D1E2A8 /* Main.storyboard */,
				7431F0D52380B04200D1E2A8 /* Assets.xcassets */,
				7431F0D72380B04200D1E2A8 /* LaunchScreen.storyboard */,
				7431F0DA2380B04200D1E2A8 /* Info.plist */,
			);
			path = CopyTextOnScreen;
			sourceTree = "<group>";
		};
		7431F0E22380B04200D1E2A8 /* CopyTextOnScreenTests */ = {
			isa = PBXGroup;
			children = (
				7431F1012381FEB900D1E2A8 /* Business */,
				7431F0E32380B04200D1E2A8 /* CopyTextOnScreenTests.swift */,
				7431F0E52380B04200D1E2A8 /* Info.plist */,
			);
			path = CopyTextOnScreenTests;
			sourceTree = "<group>";
		};
		7431F0ED2380B04200D1E2A8 /* CopyTextOnScreenUITests */ = {
			isa = PBXGroup;
			children = (
				7431F0EE2380B04300D1E2A8 /* CopyTextOnScreenUITests.swift */,
				7431F0F02380B04300D1E2A8 /* Info.plist */,
			);
			path = CopyTextOnScreenUITests;
			sourceTree = "<group>";
		};
		7431F0FD2381F76000D1E2A8 /* Protocols */ = {
			isa = PBXGroup;
			children = (
				7431F0FE2381F8D300D1E2A8 /* CTOSTextRecognition.swift */,
			);
			path = Protocols;
			sourceTree = "<group>";
		};
		7431F1002381FEA800D1E2A8 /* Business */ = {
			isa = PBXGroup;
			children = (
				7431F1022381FF3500D1E2A8 /* CTOSImageRecognateHelper.swift */,
			);
			path = Business;
			sourceTree = "<group>";
		};
		7431F1012381FEB900D1E2A8 /* Business */ = {
			isa = PBXGroup;
			children = (
				7431F1042381FF7400D1E2A8 /* CTOSImageRecognateHelperTests.swift */,
			);
			path = Business;
			sourceTree = "<group>";
		};
/* End PBXGroup section */

/* Begin PBXNativeTarget section */
		7431F0C82380B04200D1E2A8 /* CopyTextOnScreen */ = {
			isa = PBXNativeTarget;
			buildConfigurationList = 7431F0F32380B04300D1E2A8 /* Build configuration list for PBXNativeTarget "CopyTextOnScreen" */;
			buildPhases = (
				7431F0C52380B04200D1E2A8 /* Sources */,
				7431F0C62380B04200D1E2A8 /* Frameworks */,
				7431F0C72380B04200D1E2A8 /* Resources */,
			);
			buildRules = (
			);
			dependencies = (
			);
			name = CopyTextOnScreen;
			productName = CopyTextOnScreen;
			productReference = 7431F0C92380B04200D1E2A8 /* CopyTextOnScreen.app */;
			productType = "com.apple.product-type.application";
		};
		7431F0DE2380B04200D1E2A8 /* CopyTextOnScreenTests */ = {
			isa = PBXNativeTarget;
			buildConfigurationList = 7431F0F62380B04300D1E2A8 /* Build configuration list for PBXNativeTarget "CopyTextOnScreenTests" */;
			buildPhases = (
				7431F0DB2380B04200D1E2A8 /* Sources */,
				7431F0DC2380B04200D1E2A8 /* Frameworks */,
				7431F0DD2380B04200D1E2A8 /* Resources */,
			);
			buildRules = (
			);
			dependencies = (
				7431F0E12380B04200D1E2A8 /* PBXTargetDependency */,
			);
			name = CopyTextOnScreenTests;
			productName = CopyTextOnScreenTests;
			productReference = 7431F0DF2380B04200D1E2A8 /* CopyTextOnScreenTests.xctest */;
			productType = "com.apple.product-type.bundle.unit-test";
		};
		7431F0E92380B04200D1E2A8 /* CopyTextOnScreenUITests */ = {
			isa = PBXNativeTarget;
			buildConfigurationList = 7431F0F92380B04300D1E2A8 /* Build configuration list for PBXNativeTarget "CopyTextOnScreenUITests" */;
			buildPhases = (
				7431F0E62380B04200D1E2A8 /* Sources */,
				7431F0E72380B04200D1E2A8 /* Frameworks */,
				7431F0E82380B04200D1E2A8 /* Resources */,
			);
			buildRules = (
			);
			dependencies = (
				7431F0EC2380B04200D1E2A8 /* PBXTargetDependency */,
			);
			name = CopyTextOnScreenUITests;
			productName = CopyTextOnScreenUITests;
			productReference = 7431F0EA2380B04200D1E2A8 /* CopyTextOnScreenUITests.xctest */;
			productType = "com.apple.product-type.bundle.ui-testing";
		};
/* End PBXNativeTarget section */

/* Begin PBXProject section */
		7431F0C12380B04200D1E2A8 /* Project object */ = {
			isa = PBXProject;
			attributes = {
				LastSwiftUpdateCheck = 1120;
				LastUpgradeCheck = 1120;
				ORGANIZATIONNAME = "Dzmitry Kudrashou";
				TargetAttributes = {
					7431F0C82380B04200D1E2A8 = {
						CreatedOnToolsVersion = 11.2;
					};
					7431F0DE2380B04200D1E2A8 = {
						CreatedOnToolsVersion = 11.2;
						TestTargetID = 7431F0C82380B04200D1E2A8;
					};
					7431F0E92380B04200D1E2A8 = {
						CreatedOnToolsVersion = 11.2;
						TestTargetID = 7431F0C82380B04200D1E2A8;
					};
				};
			};
			buildConfigurationList = 7431F0C42380B04200D1E2A8 /* Build configuration list for PBXProject "CopyTextOnScreen" */;
			compatibilityVersion = "Xcode 9.3";
			developmentRegion = en;
			hasScannedForEncodings = 0;
			knownRegions = (
				en,
				Base,
			);
			mainGroup = 7431F0C02380B04200D1E2A8;
			productRefGroup = 7431F0CA2380B04200D1E2A8 /* Products */;
			projectDirPath = "";
			projectRoot = "";
			targets = (
				7431F0C82380B04200D1E2A8 /* CopyTextOnScreen */,
				7431F0DE2380B04200D1E2A8 /* CopyTextOnScreenTests */,
				7431F0E92380B04200D1E2A8 /* CopyTextOnScreenUITests */,
			);
		};
/* End PBXProject section */

/* Begin PBXResourcesBuildPhase section */
		7431F0C72380B04200D1E2A8 /* Resources */ = {
			isa = PBXResourcesBuildPhase;
			buildActionMask = 2147483647;
			files = (
				7431F0D92380B04200D1E2A8 /* LaunchScreen.storyboard in Resources */,
				7431F0D62380B04200D1E2A8 /* Assets.xcassets in Resources */,
				7431F0D42380B04200D1E2A8 /* Main.storyboard in Resources */,
			);
			runOnlyForDeploymentPostprocessing = 0;
		};
		7431F0DD2380B04200D1E2A8 /* Resources */ = {
			isa = PBXResourcesBuildPhase;
			buildActionMask = 2147483647;
			files = (
			);
			runOnlyForDeploymentPostprocessing = 0;
		};
		7431F0E82380B04200D1E2A8 /* Resources */ = {
			isa = PBXResourcesBuildPhase;
			buildActionMask = 2147483647;
			files = (
			);
			runOnlyForDeploymentPostprocessing = 0;
		};
/* End PBXResourcesBuildPhase section */

/* Begin PBXSourcesBuildPhase section */
		7431F0C52380B04200D1E2A8 /* Sources */ = {
			isa = PBXSourcesBuildPhase;
			buildActionMask = 2147483647;
			files = (
				7431F0D12380B04200D1E2A8 /* ViewController.swift in Sources */,
				7431F0CD2380B04200D1E2A8 /* AppDelegate.swift in Sources */,
				7431F1032381FF3500D1E2A8 /* CTOSImageRecognateHelper.swift in Sources */,
				7431F0CF2380B04200D1E2A8 /* SceneDelegate.swift in Sources */,
				7431F0FF2381F8D300D1E2A8 /* CTOSTextRecognition.swift in Sources */,
			);
			runOnlyForDeploymentPostprocessing = 0;
		};
		7431F0DB2380B04200D1E2A8 /* Sources */ = {
			isa = PBXSourcesBuildPhase;
			buildActionMask = 2147483647;
			files = (
				7431F0E42380B04200D1E2A8 /* CopyTextOnScreenTests.swift in Sources */,
				7431F1052381FF7400D1E2A8 /* CTOSImageRecognateHelperTests.swift in Sources */,
			);
			runOnlyForDeploymentPostprocessing = 0;
		};
		7431F0E62380B04200D1E2A8 /* Sources */ = {
			isa = PBXSourcesBuildPhase;
			buildActionMask = 2147483647;
			files = (
				7431F0EF2380B04300D1E2A8 /* CopyTextOnScreenUITests.swift in Sources */,
			);
			runOnlyForDeploymentPostprocessing = 0;
		};
/* End PBXSourcesBuildPhase section */

/* Begin PBXTargetDependency section */
		7431F0E12380B04200D1E2A8 /* PBXTargetDependency */ = {
			isa = PBXTargetDependency;
			target = 7431F0C82380B04200D1E2A8 /* CopyTextOnScreen */;
			targetProxy = 7431F0E02380B04200D1E2A8 /* PBXContainerItemProxy */;
		};
		7431F0EC2380B04200D1E2A8 /* PBXTargetDependency */ = {
			isa = PBXTargetDependency;
			target = 7431F0C82380B04200D1E2A8 /* CopyTextOnScreen */;
			targetProxy = 7431F0EB2380B04200D1E2A8 /* PBXContainerItemProxy */;
		};
/* End PBXTargetDependency section */

/* Begin PBXVariantGroup section */
		7431F0D22380B04200D1E2A8 /* Main.storyboard */ = {
			isa = PBXVariantGroup;
			children = (
				7431F0D32380B04200D1E2A8 /* Base */,
			);
			name = Main.storyboard;
			sourceTree = "<group>";
		};
		7431F0D72380B04200D1E2A8 /* LaunchScreen.storyboard */ = {
			isa = PBXVariantGroup;
			children = (
				7431F0D82380B04200D1E2A8 /* Base */,
			);
			name = LaunchScreen.storyboard;
			sourceTree = "<group>";
		};
/* End PBXVariantGroup section */

/* Begin XCBuildConfiguration section */
		7431F0F12380B04300D1E2A8 /* Debug */ = {
			isa = XCBuildConfiguration;
			buildSettings = {
				ALWAYS_SEARCH_USER_PATHS = NO;
				CLANG_ANALYZER_NONNULL = YES;
				CLANG_ANALYZER_NUMBER_OBJECT_CONVERSION = YES_AGGRESSIVE;
				CLANG_CXX_LANGUAGE_STANDARD = "gnu++14";
				CLANG_CXX_LIBRARY = "libc++";
				CLANG_ENABLE_MODULES = YES;
				CLANG_ENABLE_OBJC_ARC = YES;
				CLANG_ENABLE_OBJC_WEAK = YES;
				CLANG_WARN_BLOCK_CAPTURE_AUTORELEASING = YES;
				CLANG_WARN_BOOL_CONVERSION = YES;
				CLANG_WARN_COMMA = YES;
				CLANG_WARN_CONSTANT_CONVERSION = YES;
				CLANG_WARN_DEPRECATED_OBJC_IMPLEMENTATIONS = YES;
				CLANG_WARN_DIRECT_OBJC_ISA_USAGE = YES_ERROR;
				CLANG_WARN_DOCUMENTATION_COMMENTS = YES;
				CLANG_WARN_EMPTY_BODY = YES;
				CLANG_WARN_ENUM_CONVERSION = YES;
				CLANG_WARN_INFINITE_RECURSION = YES;
				CLANG_WARN_INT_CONVERSION = YES;
				CLANG_WARN_NON_LITERAL_NULL_CONVERSION = YES;
				CLANG_WARN_OBJC_IMPLICIT_RETAIN_SELF = YES;
				CLANG_WARN_OBJC_LITERAL_CONVERSION = YES;
				CLANG_WARN_OBJC_ROOT_CLASS = YES_ERROR;
				CLANG_WARN_RANGE_LOOP_ANALYSIS = YES;
				CLANG_WARN_STRICT_PROTOTYPES = YES;
				CLANG_WARN_SUSPICIOUS_MOVE = YES;
				CLANG_WARN_UNGUARDED_AVAILABILITY = YES_AGGRESSIVE;
				CLANG_WARN_UNREACHABLE_CODE = YES;
				CLANG_WARN__DUPLICATE_METHOD_MATCH = YES;
				COPY_PHASE_STRIP = NO;
				DEBUG_INFORMATION_FORMAT = dwarf;
				ENABLE_STRICT_OBJC_MSGSEND = YES;
				ENABLE_TESTABILITY = YES;
				GCC_C_LANGUAGE_STANDARD = gnu11;
				GCC_DYNAMIC_NO_PIC = NO;
				GCC_NO_COMMON_BLOCKS = YES;
				GCC_OPTIMIZATION_LEVEL = 0;
				GCC_PREPROCESSOR_DEFINITIONS = (
					"DEBUG=1",
					"$(inherited)",
				);
				GCC_WARN_64_TO_32_BIT_CONVERSION = YES;
				GCC_WARN_ABOUT_RETURN_TYPE = YES_ERROR;
				GCC_WARN_UNDECLARED_SELECTOR = YES;
				GCC_WARN_UNINITIALIZED_AUTOS = YES_AGGRESSIVE;
				GCC_WARN_UNUSED_FUNCTION = YES;
				GCC_WARN_UNUSED_VARIABLE = YES;
				IPHONEOS_DEPLOYMENT_TARGET = 13.2;
				MTL_ENABLE_DEBUG_INFO = INCLUDE_SOURCE;
				MTL_FAST_MATH = YES;
				ONLY_ACTIVE_ARCH = YES;
				SDKROOT = iphoneos;
				SWIFT_ACTIVE_COMPILATION_CONDITIONS = DEBUG;
				SWIFT_OPTIMIZATION_LEVEL = "-Onone";
			};
			name = Debug;
		};
		7431F0F22380B04300D1E2A8 /* Release */ = {
			isa = XCBuildConfiguration;
			buildSettings = {
				ALWAYS_SEARCH_USER_PATHS = NO;
				CLANG_ANALYZER_NONNULL = YES;
				CLANG_ANALYZER_NUMBER_OBJECT_CONVERSION = YES_AGGRESSIVE;
				CLANG_CXX_LANGUAGE_STANDARD = "gnu++14";
				CLANG_CXX_LIBRARY = "libc++";
				CLANG_ENABLE_MODULES = YES;
				CLANG_ENABLE_OBJC_ARC = YES;
				CLANG_ENABLE_OBJC_WEAK = YES;
				CLANG_WARN_BLOCK_CAPTURE_AUTORELEASING = YES;
				CLANG_WARN_BOOL_CONVERSION = YES;
				CLANG_WARN_COMMA = YES;
				CLANG_WARN_CONSTANT_CONVERSION = YES;
				CLANG_WARN_DEPRECATED_OBJC_IMPLEMENTATIONS = YES;
				CLANG_WARN_DIRECT_OBJC_ISA_USAGE = YES_ERROR;
				CLANG_WARN_DOCUMENTATION_COMMENTS = YES;
				CLANG_WARN_EMPTY_BODY = YES;
				CLANG_WARN_ENUM_CONVERSION = YES;
				CLANG_WARN_INFINITE_RECURSION = YES;
				CLANG_WARN_INT_CONVERSION = YES;
				CLANG_WARN_NON_LITERAL_NULL_CONVERSION = YES;
				CLANG_WARN_OBJC_IMPLICIT_RETAIN_SELF = YES;
				CLANG_WARN_OBJC_LITERAL_CONVERSION = YES;
				CLANG_WARN_OBJC_ROOT_CLASS = YES_ERROR;
				CLANG_WARN_RANGE_LOOP_ANALYSIS = YES;
				CLANG_WARN_STRICT_PROTOTYPES = YES;
				CLANG_WARN_SUSPICIOUS_MOVE = YES;
				CLANG_WARN_UNGUARDED_AVAILABILITY = YES_AGGRESSIVE;
				CLANG_WARN_UNREACHABLE_CODE = YES;
				CLANG_WARN__DUPLICATE_METHOD_MATCH = YES;
				COPY_PHASE_STRIP = NO;
				DEBUG_INFORMATION_FORMAT = "dwarf-with-dsym";
				ENABLE_NS_ASSERTIONS = NO;
				ENABLE_STRICT_OBJC_MSGSEND = YES;
				GCC_C_LANGUAGE_STANDARD = gnu11;
				GCC_NO_COMMON_BLOCKS = YES;
				GCC_WARN_64_TO_32_BIT_CONVERSION = YES;
				GCC_WARN_ABOUT_RETURN_TYPE = YES_ERROR;
				GCC_WARN_UNDECLARED_SELECTOR = YES;
				GCC_WARN_UNINITIALIZED_AUTOS = YES_AGGRESSIVE;
				GCC_WARN_UNUSED_FUNCTION = YES;
				GCC_WARN_UNUSED_VARIABLE = YES;
				IPHONEOS_DEPLOYMENT_TARGET = 13.2;
				MTL_ENABLE_DEBUG_INFO = NO;
				MTL_FAST_MATH = YES;
				SDKROOT = iphoneos;
				SWIFT_COMPILATION_MODE = wholemodule;
				SWIFT_OPTIMIZATION_LEVEL = "-O";
				VALIDATE_PRODUCT = YES;
			};
			name = Release;
		};
		7431F0F42380B04300D1E2A8 /* Debug */ = {
			isa = XCBuildConfiguration;
			buildSettings = {
				ASSETCATALOG_COMPILER_APPICON_NAME = AppIcon;
				CODE_SIGN_STYLE = Automatic;
				INFOPLIST_FILE = CopyTextOnScreen/Info.plist;
				LD_RUNPATH_SEARCH_PATHS = (
					"$(inherited)",
					"@executable_path/Frameworks",
				);
				PRODUCT_BUNDLE_IDENTIFIER = Dzmitry.Kudrashou.CopyTextOnScreen;
				PRODUCT_NAME = "$(TARGET_NAME)";
				SWIFT_VERSION = 5.0;
				TARGETED_DEVICE_FAMILY = "1,2";
			};
			name = Debug;
		};
		7431F0F52380B04300D1E2A8 /* Release */ = {
			isa = XCBuildConfiguration;
			buildSettings = {
				ASSETCATALOG_COMPILER_APPICON_NAME = AppIcon;
				CODE_SIGN_STYLE = Automatic;
				INFOPLIST_FILE = CopyTextOnScreen/Info.plist;
				LD_RUNPATH_SEARCH_PATHS = (
					"$(inherited)",
					"@executable_path/Frameworks",
				);
				PRODUCT_BUNDLE_IDENTIFIER = Dzmitry.Kudrashou.CopyTextOnScreen;
				PRODUCT_NAME = "$(TARGET_NAME)";
				SWIFT_VERSION = 5.0;
				TARGETED_DEVICE_FAMILY = "1,2";
			};
			name = Release;
		};
		7431F0F72380B04300D1E2A8 /* Debug */ = {
			isa = XCBuildConfiguration;
			buildSettings = {
				ALWAYS_EMBED_SWIFT_STANDARD_LIBRARIES = YES;
				BUNDLE_LOADER = "$(TEST_HOST)";
				CODE_SIGN_STYLE = Automatic;
				INFOPLIST_FILE = CopyTextOnScreenTests/Info.plist;
				IPHONEOS_DEPLOYMENT_TARGET = 13.2;
				LD_RUNPATH_SEARCH_PATHS = (
					"$(inherited)",
					"@executable_path/Frameworks",
					"@loader_path/Frameworks",
				);
				PRODUCT_BUNDLE_IDENTIFIER = Dzmitry.Kudrashou.CopyTextOnScreenTests;
				PRODUCT_NAME = "$(TARGET_NAME)";
				SWIFT_VERSION = 5.0;
				TARGETED_DEVICE_FAMILY = "1,2";
				TEST_HOST = "$(BUILT_PRODUCTS_DIR)/CopyTextOnScreen.app/CopyTextOnScreen";
			};
			name = Debug;
		};
		7431F0F82380B04300D1E2A8 /* Release */ = {
			isa = XCBuildConfiguration;
			buildSettings = {
				ALWAYS_EMBED_SWIFT_STANDARD_LIBRARIES = YES;
				BUNDLE_LOADER = "$(TEST_HOST)";
				CODE_SIGN_STYLE = Automatic;
				INFOPLIST_FILE = CopyTextOnScreenTests/Info.plist;
				IPHONEOS_DEPLOYMENT_TARGET = 13.2;
				LD_RUNPATH_SEARCH_PATHS = (
					"$(inherited)",
					"@executable_path/Frameworks",
					"@loader_path/Frameworks",
				);
				PRODUCT_BUNDLE_IDENTIFIER = Dzmitry.Kudrashou.CopyTextOnScreenTests;
				PRODUCT_NAME = "$(TARGET_NAME)";
				SWIFT_VERSION = 5.0;
				TARGETED_DEVICE_FAMILY = "1,2";
				TEST_HOST = "$(BUILT_PRODUCTS_DIR)/CopyTextOnScreen.app/CopyTextOnScreen";
			};
			name = Release;
		};
		7431F0FA2380B04300D1E2A8 /* Debug */ = {
			isa = XCBuildConfiguration;
			buildSettings = {
				ALWAYS_EMBED_SWIFT_STANDARD_LIBRARIES = YES;
				CODE_SIGN_STYLE = Automatic;
				INFOPLIST_FILE = CopyTextOnScreenUITests/Info.plist;
				LD_RUNPATH_SEARCH_PATHS = (
					"$(inherited)",
					"@executable_path/Frameworks",
					"@loader_path/Frameworks",
				);
				PRODUCT_BUNDLE_IDENTIFIER = Dzmitry.Kudrashou.CopyTextOnScreenUITests;
				PRODUCT_NAME = "$(TARGET_NAME)";
				SWIFT_VERSION = 5.0;
				TARGETED_DEVICE_FAMILY = "1,2";
				TEST_TARGET_NAME = CopyTextOnScreen;
			};
			name = Debug;
		};
		7431F0FB2380B04300D1E2A8 /* Release */ = {
			isa = XCBuildConfiguration;
			buildSettings = {
				ALWAYS_EMBED_SWIFT_STANDARD_LIBRARIES = YES;
				CODE_SIGN_STYLE = Automatic;
				INFOPLIST_FILE = CopyTextOnScreenUITests/Info.plist;
				LD_RUNPATH_SEARCH_PATHS = (
					"$(inherited)",
					"@executable_path/Frameworks",
					"@loader_path/Frameworks",
				);
				PRODUCT_BUNDLE_IDENTIFIER = Dzmitry.Kudrashou.CopyTextOnScreenUITests;
				PRODUCT_NAME = "$(TARGET_NAME)";
				SWIFT_VERSION = 5.0;
				TARGETED_DEVICE_FAMILY = "1,2";
				TEST_TARGET_NAME = CopyTextOnScreen;
			};
			name = Release;
		};
/* End XCBuildConfiguration section */

/* Begin XCConfigurationList section */
		7431F0C42380B04200D1E2A8 /* Build configuration list for PBXProject "CopyTextOnScreen" */ = {
			isa = XCConfigurationList;
			buildConfigurations = (
				7431F0F12380B04300D1E2A8 /* Debug */,
				7431F0F22380B04300D1E2A8 /* Release */,
			);
			defaultConfigurationIsVisible = 0;
			defaultConfigurationName = Release;
		};
		7431F0F32380B04300D1E2A8 /* Build configuration list for PBXNativeTarget "CopyTextOnScreen" */ = {
			isa = XCConfigurationList;
			buildConfigurations = (
				7431F0F42380B04300D1E2A8 /* Debug */,
				7431F0F52380B04300D1E2A8 /* Release */,
			);
			defaultConfigurationIsVisible = 0;
			defaultConfigurationName = Release;
		};
		7431F0F62380B04300D1E2A8 /* Build configuration list for PBXNativeTarget "CopyTextOnScreenTests" */ = {
			isa = XCConfigurationList;
			buildConfigurations = (
				7431F0F72380B04300D1E2A8 /* Debug */,
				7431F0F82380B04300D1E2A8 /* Release */,
			);
			defaultConfigurationIsVisible = 0;
			defaultConfigurationName = Release;
		};
		7431F0F92380B04300D1E2A8 /* Build configuration list for PBXNativeTarget "CopyTextOnScreenUITests" */ = {
			isa = XCConfigurationList;
			buildConfigurations = (
				7431F0FA2380B04300D1E2A8 /* Debug */,
				7431F0FB2380B04300D1E2A8 /* Release */,
			);
			defaultConfigurationIsVisible = 0;
			defaultConfigurationName = Release;
		};
/* End XCConfigurationList section */
	};
	rootObject = 7431F0C12380B04200D1E2A8 /* Project object */;
}
